PODS:
  - AVOSCloud (11.6.3)
  - scloud (0.1.3):
    - AVOSCloud

DEPENDENCIES:
  - scloud (from `../`)

SPEC REPOS:
  https://github.com/cocoapods/specs.git:
    - AVOSCloud

EXTERNAL SOURCES:
  scloud:
    :path: "../"

SPEC CHECKSUMS:
  AVOSCloud: 3148cbb1d05be4e479cffa206f147ef09a470fdf
  scloud: 78536669925af1450943ca966a869432d0fdad51

PODFILE CHECKSUM: b91fab3b9587fe0dabb6aa806f8db5435e5497d1

COCOAPODS: 1.6.1
